{
  "name": "teste2projcalc",
  "version": "1.0.0",
  "lockfileVersion": 3,
  "requires": true,
  "packages": {
    "": {
      "name": "teste2projcalc",
      "version": "1.0.0",
      "license": "MIT",
      "dependencies": {
        "projetocalc": "^1.1.0"
      }
    },
    "node_modules/projetocalc": {
      "version": "1.1.0",
      "resolved": "https://registry.npmjs.org/projetocalc/-/projetocalc-1.1.0.tgz",
      "integrity": "sha512-aM+UpoYg/EMU77/6bbpkQqHWpY4tzmKv6oRlCkWEhvVk+gAbqSDAScBfZFlGfhZOeTCR9ufbJ0gBm6hWn5I6/Q==",
      "license": "MIT"
    }
  }
}
